[[package]]
name = "dummy_stablecoin"
source = "member"
dependencies = [
    "standards",
    "std",
]

[[package]]
name = "standards"
source = "git+https://github.com/FuelLabs/sway-standards?branch=master#99f298c2239c9f8fdf49e69df0d021cfb196f4b7"
dependencies = ["std"]

[[package]]
name = "std"
source = "git+https://github.com/fuellabs/sway?tag=v0.67.0#d821dcb0c7edb1d6e2a772f5a1ccefe38902eaec"
