[[package]]
name = "dummy_stablecoin"
source = "member"
dependencies = [
    "standards",
    "std",
]

[[package]]
name = "standards"
source = "git+https://github.com/FuelLabs/sway-standards?branch=master#90951da15fa97fc40e3b6ad6967f369e81df6095"
dependencies = ["std"]

[[package]]
name = "std"
source = "git+https://github.com/fuellabs/sway?tag=v0.67.0#d821dcb0c7edb1d6e2a772f5a1ccefe38902eaec"
