[[package]]
name = "dummy_stablecoin_abi"
source = "path+from-root-2D28EFDB0D501B8A"
dependencies = ["std"]

[[package]]
name = "multi-mint-script"
source = "member"
dependencies = [
    "dummy_stablecoin_abi",
    "std",
]

[[package]]
name = "std"
source = "git+https://github.com/fuellabs/sway?tag=v0.68.4#1fb61fdc42054109c54a57544b9aeb88afd3cae8"
